
Microsoft Visual Studio Solution File, Format Version 12.00
# Visual Studio Version 17
VisualStudioVersion = 17.7.34031.279
MinimumVisualStudioVersion = 10.0.40219.1
Project("{FAE04EC0-301F-11D3-BF4B-00C04F79EFBC}") = "ConsoleAppQueue", "ConsoleAppQueue\ConsoleAppQueue.csproj", "{5FC6A20D-9540-48FC-80DA-E2543A1C95EB}"
EndProject
Global
	GlobalSection(SolutionConfigurationPlatforms) = preSolution
		Debug|Any CPU = Debug|Any CPU
		Release|Any CPU = Release|Any CPU
	EndGlobalSection
	GlobalSection(ProjectConfigurationPlatforms) = postSolution
		{5FC6A20D-9540-48FC-80DA-E2543A1C95EB}.Debug|Any CPU.ActiveCfg = Debug|Any CPU
		{5FC6A20D-9540-48FC-80DA-E2543A1C95EB}.Debug|Any CPU.Build.0 = Debug|Any CPU
		{5FC6A20D-9540-48FC-80DA-E2543A1C95EB}.Release|Any CPU.ActiveCfg = Release|Any CPU
		{5FC6A20D-9540-48FC-80DA-E2543A1C95EB}.Release|Any CPU.Build.0 = Release|Any CPU
	EndGlobalSection
	GlobalSection(SolutionProperties) = preSolution
		HideSolutionNode = FALSE
	EndGlobalSection
	GlobalSection(ExtensibilityGlobals) = postSolution
		SolutionGuid = {C7E5D742-FA0E-4F5F-8DBE-6F78BAFE1BC2}
	EndGlobalSection
EndGlobal
